PODS:
  - GoogleMaps (2.2.0):
    - GoogleMaps/Maps (= 2.2.0)
  - GoogleMaps/Base (2.2.0)
  - GoogleMaps/Maps (2.2.0):
    - GoogleMaps/Base
  - Toucan (0.6.0)

DEPENDENCIES:
  - GoogleMaps
  - Toucan (~> 0.6)

SPEC CHECKSUMS:
  GoogleMaps: 104c418d61ab8a05dff06ed0784c25ea9d37da45
  Toucan: 47485bbc9cb4541ef6318d6886103e6eaf16e919

PODFILE CHECKSUM: a087c6d8b31d212a90e305c948469f25fdf969c0

COCOAPODS: 1.2.0
